
Microsoft Visual Studio Solution File, Format Version 12.00
# Visual Studio Version 16
VisualStudioVersion = 16.0.30907.101
MinimumVisualStudioVersion = 10.0.40219.1
Project("{FAE04EC0-301F-11D3-BF4B-00C04F79EFBC}") = "MyDictionary", "MyDictionary.csproj", "{4C6ECD9C-29CE-4EB3-B7AF-4ADDC7CEFC99}"
EndProject
Global
	GlobalSection(SolutionConfigurationPlatforms) = preSolution
		Debug|Any CPU = Debug|Any CPU
		Release|Any CPU = Release|Any CPU
	EndGlobalSection
	GlobalSection(ProjectConfigurationPlatforms) = postSolution
		{4C6ECD9C-29CE-4EB3-B7AF-4ADDC7CEFC99}.Debug|Any CPU.ActiveCfg = Debug|Any CPU
		{4C6ECD9C-29CE-4EB3-B7AF-4ADDC7CEFC99}.Debug|Any CPU.Build.0 = Debug|Any CPU
		{4C6ECD9C-29CE-4EB3-B7AF-4ADDC7CEFC99}.Release|Any CPU.ActiveCfg = Release|Any CPU
		{4C6ECD9C-29CE-4EB3-B7AF-4ADDC7CEFC99}.Release|Any CPU.Build.0 = Release|Any CPU
	EndGlobalSection
	GlobalSection(SolutionProperties) = preSolution
		HideSolutionNode = FALSE
	EndGlobalSection
	GlobalSection(ExtensibilityGlobals) = postSolution
		SolutionGuid = {D7915E4C-1332-419C-AC32-036E67C9E201}
	EndGlobalSection
EndGlobal
